
Microsoft Visual Studio Solution File, Format Version 12.00
# Visual Studio Version 16
VisualStudioVersion = 16.0.34031.81
MinimumVisualStudioVersion = 10.0.40219.1
Project("{2150E333-8FDC-42A3-9474-1A3956D46DE8}") = "Task0", "Task0", "{40894AE4-A9EA-4CFD-8EAC-F645C6CF9921}"
EndProject
Project("{FAE04EC0-301F-11D3-BF4B-00C04F79EFBC}") = "Tyuiu.SorokinAD.Sprint1.Task0.V26.Test", "Tyuiu.SorokinAD.Sprint1.Task0.V26.Test\Tyuiu.SorokinAD.Sprint1.Task0.V26.Test.csproj", "{2467F047-DB02-42D8-BB0A-806A4A6CB13F}"
EndProject
Project("{FAE04EC0-301F-11D3-BF4B-00C04F79EFBC}") = "Tyuiu.SorokinAD.Sprint1.Task0.V26.Lib", "Tyuiu.SorokinAD.Sprint1.Task0.V26.Lib\Tyuiu.SorokinAD.Sprint1.Task0.V26.Lib.csproj", "{A5EF826D-F320-469B-862D-E5A502EC6794}"
EndProject
Project("{FAE04EC0-301F-11D3-BF4B-00C04F79EFBC}") = "Tyuiu.SorokinAD.Sprint1.Task0.V26", "Tyuiu.SorokinAD.Sprint1.Task0.V26\Tyuiu.SorokinAD.Sprint1.Task0.V26.csproj", "{62483712-DD0F-445B-AC0E-81FC14FBAF5E}"
EndProject
Project("{2150E333-8FDC-42A3-9474-1A3956D46DE8}") = "Task 1", "Task 1", "{AA8F7F37-85E6-4E0C-8631-EA80DC5F8119}"
EndProject
Project("{FAE04EC0-301F-11D3-BF4B-00C04F79EFBC}") = "Tyuiu.SorokinAD.Sprint1.Task1.V17", "Tyuiu.SorokinAD.Sprint1.Task1.V17\Tyuiu.SorokinAD.Sprint1.Task1.V17.csproj", "{251D3045-6AB6-4E79-84E1-FD79419DDDD6}"
EndProject
Project("{FAE04EC0-301F-11D3-BF4B-00C04F79EFBC}") = "Tyuiu.SorokinAD.Sprint1.Task1.V17.Lib", "Tyuiu.SorokinAD.Sprint1.Task1.V17.Lib\Tyuiu.SorokinAD.Sprint1.Task1.V17.Lib.csproj", "{B61E5750-E786-4976-88CA-AC3595473DAC}"
EndProject
Project("{FAE04EC0-301F-11D3-BF4B-00C04F79EFBC}") = "Tyuiu.SorokinAD.Sprint1.Task1.V17.Test", "Tyuiu.SorokinAD.Sprint1.Task1.V17.Test\Tyuiu.SorokinAD.Sprint1.Task1.V17.Test.csproj", "{C70A2C30-F921-49DD-A6A5-09455966B884}"
EndProject
Project("{2150E333-8FDC-42A3-9474-1A3956D46DE8}") = "Task2", "Task2", "{E25C1ABB-829E-40FB-99E4-35153F09BC7E}"
EndProject
Project("{FAE04EC0-301F-11D3-BF4B-00C04F79EFBC}") = "Tyuiu.SorokinAD.Sprint1.Task2.V10", "Tyuiu.SorokinAD.Sprint1.Task2.V10\Tyuiu.SorokinAD.Sprint1.Task2.V10.csproj", "{CBA93B1D-1921-40B0-9D79-1CC522F077C4}"
EndProject
Project("{FAE04EC0-301F-11D3-BF4B-00C04F79EFBC}") = "Tyuiu.SorokinAD.Sprint1.Task2.V10.Lib", "Tyuiu.SorokinAD.Sprint1.Task2.V10.Lib\Tyuiu.SorokinAD.Sprint1.Task2.V10.Lib.csproj", "{040E7B63-68EB-4392-A9C9-776E5699B69F}"
EndProject
Project("{FAE04EC0-301F-11D3-BF4B-00C04F79EFBC}") = "Tyuiu.SorokinAD.Sprint1.Task2.V10.Test", "Tyuiu.SorokinAD.Sprint1.Task2.V10.Test\Tyuiu.SorokinAD.Sprint1.Task2.V10.Test.csproj", "{8CF657E9-E53D-4488-A42F-62D72E95F3E9}"
EndProject
Global
	GlobalSection(SolutionConfigurationPlatforms) = preSolution
		Debug|Any CPU = Debug|Any CPU
		Release|Any CPU = Release|Any CPU
	EndGlobalSection
	GlobalSection(ProjectConfigurationPlatforms) = postSolution
		{2467F047-DB02-42D8-BB0A-806A4A6CB13F}.Debug|Any CPU.ActiveCfg = Debug|Any CPU
		{2467F047-DB02-42D8-BB0A-806A4A6CB13F}.Debug|Any CPU.Build.0 = Debug|Any CPU
		{2467F047-DB02-42D8-BB0A-806A4A6CB13F}.Release|Any CPU.ActiveCfg = Release|Any CPU
		{2467F047-DB02-42D8-BB0A-806A4A6CB13F}.Release|Any CPU.Build.0 = Release|Any CPU
		{A5EF826D-F320-469B-862D-E5A502EC6794}.Debug|Any CPU.ActiveCfg = Debug|Any CPU
		{A5EF826D-F320-469B-862D-E5A502EC6794}.Debug|Any CPU.Build.0 = Debug|Any CPU
		{A5EF826D-F320-469B-862D-E5A502EC6794}.Release|Any CPU.ActiveCfg = Release|Any CPU
		{A5EF826D-F320-469B-862D-E5A502EC6794}.Release|Any CPU.Build.0 = Release|Any CPU
		{62483712-DD0F-445B-AC0E-81FC14FBAF5E}.Debug|Any CPU.ActiveCfg = Debug|Any CPU
		{62483712-DD0F-445B-AC0E-81FC14FBAF5E}.Debug|Any CPU.Build.0 = Debug|Any CPU
		{62483712-DD0F-445B-AC0E-81FC14FBAF5E}.Release|Any CPU.ActiveCfg = Release|Any CPU
		{62483712-DD0F-445B-AC0E-81FC14FBAF5E}.Release|Any CPU.Build.0 = Release|Any CPU
		{251D3045-6AB6-4E79-84E1-FD79419DDDD6}.Debug|Any CPU.ActiveCfg = Debug|Any CPU
		{251D3045-6AB6-4E79-84E1-FD79419DDDD6}.Debug|Any CPU.Build.0 = Debug|Any CPU
		{251D3045-6AB6-4E79-84E1-FD79419DDDD6}.Release|Any CPU.ActiveCfg = Release|Any CPU
		{251D3045-6AB6-4E79-84E1-FD79419DDDD6}.Release|Any CPU.Build.0 = Release|Any CPU
		{B61E5750-E786-4976-88CA-AC3595473DAC}.Debug|Any CPU.ActiveCfg = Debug|Any CPU
		{B61E5750-E786-4976-88CA-AC3595473DAC}.Debug|Any CPU.Build.0 = Debug|Any CPU
		{B61E5750-E786-4976-88CA-AC3595473DAC}.Release|Any CPU.ActiveCfg = Release|Any CPU
		{B61E5750-E786-4976-88CA-AC3595473DAC}.Release|Any CPU.Build.0 = Release|Any CPU
		{C70A2C30-F921-49DD-A6A5-09455966B884}.Debug|Any CPU.ActiveCfg = Debug|Any CPU
		{C70A2C30-F921-49DD-A6A5-09455966B884}.Debug|Any CPU.Build.0 = Debug|Any CPU
		{C70A2C30-F921-49DD-A6A5-09455966B884}.Release|Any CPU.ActiveCfg = Release|Any CPU
		{C70A2C30-F921-49DD-A6A5-09455966B884}.Release|Any CPU.Build.0 = Release|Any CPU
		{CBA93B1D-1921-40B0-9D79-1CC522F077C4}.Debug|Any CPU.ActiveCfg = Debug|Any CPU
		{CBA93B1D-1921-40B0-9D79-1CC522F077C4}.Debug|Any CPU.Build.0 = Debug|Any CPU
		{CBA93B1D-1921-40B0-9D79-1CC522F077C4}.Release|Any CPU.ActiveCfg = Release|Any CPU
		{CBA93B1D-1921-40B0-9D79-1CC522F077C4}.Release|Any CPU.Build.0 = Release|Any CPU
		{040E7B63-68EB-4392-A9C9-776E5699B69F}.Debug|Any CPU.ActiveCfg = Debug|Any CPU
		{040E7B63-68EB-4392-A9C9-776E5699B69F}.Debug|Any CPU.Build.0 = Debug|Any CPU
		{040E7B63-68EB-4392-A9C9-776E5699B69F}.Release|Any CPU.ActiveCfg = Release|Any CPU
		{040E7B63-68EB-4392-A9C9-776E5699B69F}.Release|Any CPU.Build.0 = Release|Any CPU
		{8CF657E9-E53D-4488-A42F-62D72E95F3E9}.Debug|Any CPU.ActiveCfg = Debug|Any CPU
		{8CF657E9-E53D-4488-A42F-62D72E95F3E9}.Debug|Any CPU.Build.0 = Debug|Any CPU
		{8CF657E9-E53D-4488-A42F-62D72E95F3E9}.Release|Any CPU.ActiveCfg = Release|Any CPU
		{8CF657E9-E53D-4488-A42F-62D72E95F3E9}.Release|Any CPU.Build.0 = Release|Any CPU
	EndGlobalSection
	GlobalSection(SolutionProperties) = preSolution
		HideSolutionNode = FALSE
	EndGlobalSection
	GlobalSection(NestedProjects) = preSolution
		{2467F047-DB02-42D8-BB0A-806A4A6CB13F} = {40894AE4-A9EA-4CFD-8EAC-F645C6CF9921}
		{A5EF826D-F320-469B-862D-E5A502EC6794} = {40894AE4-A9EA-4CFD-8EAC-F645C6CF9921}
		{62483712-DD0F-445B-AC0E-81FC14FBAF5E} = {40894AE4-A9EA-4CFD-8EAC-F645C6CF9921}
		{251D3045-6AB6-4E79-84E1-FD79419DDDD6} = {AA8F7F37-85E6-4E0C-8631-EA80DC5F8119}
		{B61E5750-E786-4976-88CA-AC3595473DAC} = {AA8F7F37-85E6-4E0C-8631-EA80DC5F8119}
		{C70A2C30-F921-49DD-A6A5-09455966B884} = {AA8F7F37-85E6-4E0C-8631-EA80DC5F8119}
		{CBA93B1D-1921-40B0-9D79-1CC522F077C4} = {E25C1ABB-829E-40FB-99E4-35153F09BC7E}
		{040E7B63-68EB-4392-A9C9-776E5699B69F} = {E25C1ABB-829E-40FB-99E4-35153F09BC7E}
		{8CF657E9-E53D-4488-A42F-62D72E95F3E9} = {E25C1ABB-829E-40FB-99E4-35153F09BC7E}
	EndGlobalSection
	GlobalSection(ExtensibilityGlobals) = postSolution
		SolutionGuid = {5D0E36EC-D120-46A0-8480-C705F8E92174}
	EndGlobalSection
EndGlobal
