
Microsoft Visual Studio Solution File, Format Version 12.00
# Visual Studio Version 16
VisualStudioVersion = 16.0.34031.81
MinimumVisualStudioVersion = 10.0.40219.1
Project("{2150E333-8FDC-42A3-9474-1A3956D46DE8}") = "Task0", "Task0", "{40894AE4-A9EA-4CFD-8EAC-F645C6CF9921}"
EndProject
Project("{FAE04EC0-301F-11D3-BF4B-00C04F79EFBC}") = "Tyuiu.SorokinAD.Sprint1.Task0.V26.Test", "Tyuiu.SorokinAD.Sprint1.Task0.V26.Test\Tyuiu.SorokinAD.Sprint1.Task0.V26.Test.csproj", "{2467F047-DB02-42D8-BB0A-806A4A6CB13F}"
EndProject
Project("{FAE04EC0-301F-11D3-BF4B-00C04F79EFBC}") = "Tyuiu.SorokinAD.Sprint1.Task0.V26.Lib", "Tyuiu.SorokinAD.Sprint1.Task0.V26.Lib\Tyuiu.SorokinAD.Sprint1.Task0.V26.Lib.csproj", "{A5EF826D-F320-469B-862D-E5A502EC6794}"
EndProject
Project("{FAE04EC0-301F-11D3-BF4B-00C04F79EFBC}") = "Tyuiu.SorokinAD.Sprint1.Task0.V26", "Tyuiu.SorokinAD.Sprint1.Task0.V26\Tyuiu.SorokinAD.Sprint1.Task0.V26.csproj", "{62483712-DD0F-445B-AC0E-81FC14FBAF5E}"
EndProject
Project("{2150E333-8FDC-42A3-9474-1A3956D46DE8}") = "Task 1", "Task 1", "{AA8F7F37-85E6-4E0C-8631-EA80DC5F8119}"
EndProject
Project("{FAE04EC0-301F-11D3-BF4B-00C04F79EFBC}") = "Tyuiu.SorokinAD.Sprint1.Task1.V17", "Tyuiu.SorokinAD.Sprint1.Task1.V17\Tyuiu.SorokinAD.Sprint1.Task1.V17.csproj", "{251D3045-6AB6-4E79-84E1-FD79419DDDD6}"
EndProject
Project("{FAE04EC0-301F-11D3-BF4B-00C04F79EFBC}") = "Tyuiu.SorokinAD.Sprint1.Task1.V17.Lib", "Tyuiu.SorokinAD.Sprint1.Task1.V17.Lib\Tyuiu.SorokinAD.Sprint1.Task1.V17.Lib.csproj", "{B61E5750-E786-4976-88CA-AC3595473DAC}"
EndProject
Project("{FAE04EC0-301F-11D3-BF4B-00C04F79EFBC}") = "Tyuiu.SorokinAD.Sprint1.Task1.V17.Test", "Tyuiu.SorokinAD.Sprint1.Task1.V17.Test\Tyuiu.SorokinAD.Sprint1.Task1.V17.Test.csproj", "{C70A2C30-F921-49DD-A6A5-09455966B884}"
EndProject
Project("{2150E333-8FDC-42A3-9474-1A3956D46DE8}") = "Task2", "Task2", "{E25C1ABB-829E-40FB-99E4-35153F09BC7E}"
EndProject
Project("{FAE04EC0-301F-11D3-BF4B-00C04F79EFBC}") = "Tyuiu.SorokinAD.Sprint1.Task2.V10", "Tyuiu.SorokinAD.Sprint1.Task2.V10\Tyuiu.SorokinAD.Sprint1.Task2.V10.csproj", "{CBA93B1D-1921-40B0-9D79-1CC522F077C4}"
EndProject
Project("{FAE04EC0-301F-11D3-BF4B-00C04F79EFBC}") = "Tyuiu.SorokinAD.Sprint1.Task2.V10.Lib", "Tyuiu.SorokinAD.Sprint1.Task2.V10.Lib\Tyuiu.SorokinAD.Sprint1.Task2.V10.Lib.csproj", "{040E7B63-68EB-4392-A9C9-776E5699B69F}"
EndProject
Project("{FAE04EC0-301F-11D3-BF4B-00C04F79EFBC}") = "Tyuiu.SorokinAD.Sprint1.Task2.V10.Test", "Tyuiu.SorokinAD.Sprint1.Task2.V10.Test\Tyuiu.SorokinAD.Sprint1.Task2.V10.Test.csproj", "{8CF657E9-E53D-4488-A42F-62D72E95F3E9}"
EndProject
Project("{2150E333-8FDC-42A3-9474-1A3956D46DE8}") = "Task3", "Task3", "{423B55D1-7CF4-4EF3-9C61-841195230446}"
EndProject
Project("{FAE04EC0-301F-11D3-BF4B-00C04F79EFBC}") = "Tyuiu.SorokinAD.Sprint1.Task3.V3", "Tyuiu.SorokinAD.Sprint1.Task3.V3\Tyuiu.SorokinAD.Sprint1.Task3.V3.csproj", "{93613A02-CB3A-4521-A6E4-EFB76BFBE954}"
EndProject
Project("{FAE04EC0-301F-11D3-BF4B-00C04F79EFBC}") = "Tyuiu.SorokinAD.Sprint1.Task3.V3.Lib", "Tyuiu.SorokinAD.Sprint1.Task3.V3.Lib\Tyuiu.SorokinAD.Sprint1.Task3.V3.Lib.csproj", "{467D3BD8-0F05-42C0-8376-2723322166D2}"
EndProject
Project("{FAE04EC0-301F-11D3-BF4B-00C04F79EFBC}") = "Tyuiu.SorokinAD.Sprint1.Task3.V3.Test", "Tyuiu.SorokinAD.Sprint1.Task3.V3.Test\Tyuiu.SorokinAD.Sprint1.Task3.V3.Test.csproj", "{D23201CE-CE10-4E91-93EF-A645B3DD3337}"
EndProject
Project("{2150E333-8FDC-42A3-9474-1A3956D46DE8}") = "Task4", "Task4", "{B196AFF8-3F8A-4238-A644-8BD735B00184}"
EndProject
Project("{FAE04EC0-301F-11D3-BF4B-00C04F79EFBC}") = "Tyuiu.SorokinAD.Sprint1.Task4.V7", "Tyuiu.SorokinAD.Sprint1.Task4.V7\Tyuiu.SorokinAD.Sprint1.Task4.V7.csproj", "{3832FE14-9366-4AA7-AA4D-1DB8AA2BCE9D}"
EndProject
Project("{FAE04EC0-301F-11D3-BF4B-00C04F79EFBC}") = "Tyuiu.SorokinAD.Sprint1.Task4.V7.Lib", "Tyuiu.SorokinAD.Sprint1.Task4.V7.Lib\Tyuiu.SorokinAD.Sprint1.Task4.V7.Lib.csproj", "{51C47893-8AC1-4854-90EB-22FD50979337}"
EndProject
Project("{FAE04EC0-301F-11D3-BF4B-00C04F79EFBC}") = "Tyuiu.SorokinAD.Sprint1.Task4.V7.Test", "Tyuiu.SorokinAD.Sprint1.Task4.V7.Test\Tyuiu.SorokinAD.Sprint1.Task4.V7.Test.csproj", "{222773ED-07AD-48CE-808E-CBE33DAE9754}"
EndProject
Project("{2150E333-8FDC-42A3-9474-1A3956D46DE8}") = "Task5", "Task5", "{76204F61-79FB-4846-863A-4FA858FE1553}"
EndProject
Project("{FAE04EC0-301F-11D3-BF4B-00C04F79EFBC}") = "Tyuiu.SorokinAD.Sprint1.Task5.V3", "Tyuiu.SorokinAD.Sprint1.Task5.V3\Tyuiu.SorokinAD.Sprint1.Task5.V3.csproj", "{1A9CAB02-584F-46EE-8585-4642A6660C05}"
EndProject
Project("{FAE04EC0-301F-11D3-BF4B-00C04F79EFBC}") = "Tyuiu.SorokinAD.Sprint1.Task5.V3.Lib", "Tyuiu.SorokinAD.Sprint1.Task5.V3.Lib\Tyuiu.SorokinAD.Sprint1.Task5.V3.Lib.csproj", "{745EF435-A9AA-44D7-A777-AECC24A8567C}"
EndProject
Project("{FAE04EC0-301F-11D3-BF4B-00C04F79EFBC}") = "Tyuiu.SorokinAD.Sprint1.Task5.V3.Test", "Tyuiu.SorokinAD.Sprint1.Task5.V3.Test\Tyuiu.SorokinAD.Sprint1.Task5.V3.Test.csproj", "{781296F1-7483-4309-A6AC-323C851630EB}"
EndProject
Project("{2150E333-8FDC-42A3-9474-1A3956D46DE8}") = "Task6", "Task6", "{396612BF-ED7C-49D1-BBF1-802113CFD465}"
EndProject
Project("{FAE04EC0-301F-11D3-BF4B-00C04F79EFBC}") = "Tyuiu.SorokinAD.Sprint1.Task6.V13", "Tyuiu.SorokinAD.Sprint1.Task6.V13\Tyuiu.SorokinAD.Sprint1.Task6.V13.csproj", "{AA9D5428-3EA4-4781-9A61-A97BED611757}"
EndProject
Project("{FAE04EC0-301F-11D3-BF4B-00C04F79EFBC}") = "Tyuiu.SorokinAD.Sprint1.Task6.V13.Lib", "Tyuiu.SorokinAD.Sprint1.Task6.V13.Lib\Tyuiu.SorokinAD.Sprint1.Task6.V13.Lib.csproj", "{F230BC72-67E6-4FEC-A6B5-C0BEA02086DC}"
EndProject
Project("{FAE04EC0-301F-11D3-BF4B-00C04F79EFBC}") = "Tyuiu.SorokinAD.Sprint1.Task6.V13.Test", "Tyuiu.SorokinAD.Sprint1.Task6.V13.Test\Tyuiu.SorokinAD.Sprint1.Task6.V13.Test.csproj", "{1CC9C641-CEEC-4FF3-9BB1-C436DED08A5A}"
EndProject
Project("{2150E333-8FDC-42A3-9474-1A3956D46DE8}") = "Task7", "Task7", "{8B7C6C06-9181-4BCB-B42A-3F2FA5CC07B2}"
EndProject
Project("{FAE04EC0-301F-11D3-BF4B-00C04F79EFBC}") = "Tyuiu.SorokinAD.Sprint1.Task7.V4", "Tyuiu.SorokinAD.Sprint1.Task7.V4\Tyuiu.SorokinAD.Sprint1.Task7.V4.csproj", "{4734FB8F-B3AD-44F9-B88A-75230DB2A2C3}"
EndProject
Project("{FAE04EC0-301F-11D3-BF4B-00C04F79EFBC}") = "Tyuiu.SorokinAD.Sprint1.Task7.V4.Lib", "Tyuiu.SorokinAD.Sprint1.Task7.V4.Lib\Tyuiu.SorokinAD.Sprint1.Task7.V4.Lib.csproj", "{EC5E5932-B437-49A5-B4D4-225367A3DD8A}"
EndProject
Project("{FAE04EC0-301F-11D3-BF4B-00C04F79EFBC}") = "Tyuiu.SorokinAD.Sprint1.Task7.V4.Test", "Tyuiu.SorokinAD.Sprint1.Task7.V4.Test\Tyuiu.SorokinAD.Sprint1.Task7.V4.Test.csproj", "{DB46432D-E2FD-4DA5-975B-43156F00317A}"
EndProject
Global
	GlobalSection(SolutionConfigurationPlatforms) = preSolution
		Debug|Any CPU = Debug|Any CPU
		Release|Any CPU = Release|Any CPU
	EndGlobalSection
	GlobalSection(ProjectConfigurationPlatforms) = postSolution
		{2467F047-DB02-42D8-BB0A-806A4A6CB13F}.Debug|Any CPU.ActiveCfg = Debug|Any CPU
		{2467F047-DB02-42D8-BB0A-806A4A6CB13F}.Debug|Any CPU.Build.0 = Debug|Any CPU
		{2467F047-DB02-42D8-BB0A-806A4A6CB13F}.Release|Any CPU.ActiveCfg = Release|Any CPU
		{2467F047-DB02-42D8-BB0A-806A4A6CB13F}.Release|Any CPU.Build.0 = Release|Any CPU
		{A5EF826D-F320-469B-862D-E5A502EC6794}.Debug|Any CPU.ActiveCfg = Debug|Any CPU
		{A5EF826D-F320-469B-862D-E5A502EC6794}.Debug|Any CPU.Build.0 = Debug|Any CPU
		{A5EF826D-F320-469B-862D-E5A502EC6794}.Release|Any CPU.ActiveCfg = Release|Any CPU
		{A5EF826D-F320-469B-862D-E5A502EC6794}.Release|Any CPU.Build.0 = Release|Any CPU
		{62483712-DD0F-445B-AC0E-81FC14FBAF5E}.Debug|Any CPU.ActiveCfg = Debug|Any CPU
		{62483712-DD0F-445B-AC0E-81FC14FBAF5E}.Debug|Any CPU.Build.0 = Debug|Any CPU
		{62483712-DD0F-445B-AC0E-81FC14FBAF5E}.Release|Any CPU.ActiveCfg = Release|Any CPU
		{62483712-DD0F-445B-AC0E-81FC14FBAF5E}.Release|Any CPU.Build.0 = Release|Any CPU
		{251D3045-6AB6-4E79-84E1-FD79419DDDD6}.Debug|Any CPU.ActiveCfg = Debug|Any CPU
		{251D3045-6AB6-4E79-84E1-FD79419DDDD6}.Debug|Any CPU.Build.0 = Debug|Any CPU
		{251D3045-6AB6-4E79-84E1-FD79419DDDD6}.Release|Any CPU.ActiveCfg = Release|Any CPU
		{251D3045-6AB6-4E79-84E1-FD79419DDDD6}.Release|Any CPU.Build.0 = Release|Any CPU
		{B61E5750-E786-4976-88CA-AC3595473DAC}.Debug|Any CPU.ActiveCfg = Debug|Any CPU
		{B61E5750-E786-4976-88CA-AC3595473DAC}.Debug|Any CPU.Build.0 = Debug|Any CPU
		{B61E5750-E786-4976-88CA-AC3595473DAC}.Release|Any CPU.ActiveCfg = Release|Any CPU
		{B61E5750-E786-4976-88CA-AC3595473DAC}.Release|Any CPU.Build.0 = Release|Any CPU
		{C70A2C30-F921-49DD-A6A5-09455966B884}.Debug|Any CPU.ActiveCfg = Debug|Any CPU
		{C70A2C30-F921-49DD-A6A5-09455966B884}.Debug|Any CPU.Build.0 = Debug|Any CPU
		{C70A2C30-F921-49DD-A6A5-09455966B884}.Release|Any CPU.ActiveCfg = Release|Any CPU
		{C70A2C30-F921-49DD-A6A5-09455966B884}.Release|Any CPU.Build.0 = Release|Any CPU
		{CBA93B1D-1921-40B0-9D79-1CC522F077C4}.Debug|Any CPU.ActiveCfg = Debug|Any CPU
		{CBA93B1D-1921-40B0-9D79-1CC522F077C4}.Debug|Any CPU.Build.0 = Debug|Any CPU
		{CBA93B1D-1921-40B0-9D79-1CC522F077C4}.Release|Any CPU.ActiveCfg = Release|Any CPU
		{CBA93B1D-1921-40B0-9D79-1CC522F077C4}.Release|Any CPU.Build.0 = Release|Any CPU
		{040E7B63-68EB-4392-A9C9-776E5699B69F}.Debug|Any CPU.ActiveCfg = Debug|Any CPU
		{040E7B63-68EB-4392-A9C9-776E5699B69F}.Debug|Any CPU.Build.0 = Debug|Any CPU
		{040E7B63-68EB-4392-A9C9-776E5699B69F}.Release|Any CPU.ActiveCfg = Release|Any CPU
		{040E7B63-68EB-4392-A9C9-776E5699B69F}.Release|Any CPU.Build.0 = Release|Any CPU
		{8CF657E9-E53D-4488-A42F-62D72E95F3E9}.Debug|Any CPU.ActiveCfg = Debug|Any CPU
		{8CF657E9-E53D-4488-A42F-62D72E95F3E9}.Debug|Any CPU.Build.0 = Debug|Any CPU
		{8CF657E9-E53D-4488-A42F-62D72E95F3E9}.Release|Any CPU.ActiveCfg = Release|Any CPU
		{8CF657E9-E53D-4488-A42F-62D72E95F3E9}.Release|Any CPU.Build.0 = Release|Any CPU
		{93613A02-CB3A-4521-A6E4-EFB76BFBE954}.Debug|Any CPU.ActiveCfg = Debug|Any CPU
		{93613A02-CB3A-4521-A6E4-EFB76BFBE954}.Debug|Any CPU.Build.0 = Debug|Any CPU
		{93613A02-CB3A-4521-A6E4-EFB76BFBE954}.Release|Any CPU.ActiveCfg = Release|Any CPU
		{93613A02-CB3A-4521-A6E4-EFB76BFBE954}.Release|Any CPU.Build.0 = Release|Any CPU
		{467D3BD8-0F05-42C0-8376-2723322166D2}.Debug|Any CPU.ActiveCfg = Debug|Any CPU
		{467D3BD8-0F05-42C0-8376-2723322166D2}.Debug|Any CPU.Build.0 = Debug|Any CPU
		{467D3BD8-0F05-42C0-8376-2723322166D2}.Release|Any CPU.ActiveCfg = Release|Any CPU
		{467D3BD8-0F05-42C0-8376-2723322166D2}.Release|Any CPU.Build.0 = Release|Any CPU
		{D23201CE-CE10-4E91-93EF-A645B3DD3337}.Debug|Any CPU.ActiveCfg = Debug|Any CPU
		{D23201CE-CE10-4E91-93EF-A645B3DD3337}.Debug|Any CPU.Build.0 = Debug|Any CPU
		{D23201CE-CE10-4E91-93EF-A645B3DD3337}.Release|Any CPU.ActiveCfg = Release|Any CPU
		{D23201CE-CE10-4E91-93EF-A645B3DD3337}.Release|Any CPU.Build.0 = Release|Any CPU
		{3832FE14-9366-4AA7-AA4D-1DB8AA2BCE9D}.Debug|Any CPU.ActiveCfg = Debug|Any CPU
		{3832FE14-9366-4AA7-AA4D-1DB8AA2BCE9D}.Debug|Any CPU.Build.0 = Debug|Any CPU
		{3832FE14-9366-4AA7-AA4D-1DB8AA2BCE9D}.Release|Any CPU.ActiveCfg = Release|Any CPU
		{3832FE14-9366-4AA7-AA4D-1DB8AA2BCE9D}.Release|Any CPU.Build.0 = Release|Any CPU
		{51C47893-8AC1-4854-90EB-22FD50979337}.Debug|Any CPU.ActiveCfg = Debug|Any CPU
		{51C47893-8AC1-4854-90EB-22FD50979337}.Debug|Any CPU.Build.0 = Debug|Any CPU
		{51C47893-8AC1-4854-90EB-22FD50979337}.Release|Any CPU.ActiveCfg = Release|Any CPU
		{51C47893-8AC1-4854-90EB-22FD50979337}.Release|Any CPU.Build.0 = Release|Any CPU
		{222773ED-07AD-48CE-808E-CBE33DAE9754}.Debug|Any CPU.ActiveCfg = Debug|Any CPU
		{222773ED-07AD-48CE-808E-CBE33DAE9754}.Debug|Any CPU.Build.0 = Debug|Any CPU
		{222773ED-07AD-48CE-808E-CBE33DAE9754}.Release|Any CPU.ActiveCfg = Release|Any CPU
		{222773ED-07AD-48CE-808E-CBE33DAE9754}.Release|Any CPU.Build.0 = Release|Any CPU
		{1A9CAB02-584F-46EE-8585-4642A6660C05}.Debug|Any CPU.ActiveCfg = Debug|Any CPU
		{1A9CAB02-584F-46EE-8585-4642A6660C05}.Debug|Any CPU.Build.0 = Debug|Any CPU
		{1A9CAB02-584F-46EE-8585-4642A6660C05}.Release|Any CPU.ActiveCfg = Release|Any CPU
		{1A9CAB02-584F-46EE-8585-4642A6660C05}.Release|Any CPU.Build.0 = Release|Any CPU
		{745EF435-A9AA-44D7-A777-AECC24A8567C}.Debug|Any CPU.ActiveCfg = Debug|Any CPU
		{745EF435-A9AA-44D7-A777-AECC24A8567C}.Debug|Any CPU.Build.0 = Debug|Any CPU
		{745EF435-A9AA-44D7-A777-AECC24A8567C}.Release|Any CPU.ActiveCfg = Release|Any CPU
		{745EF435-A9AA-44D7-A777-AECC24A8567C}.Release|Any CPU.Build.0 = Release|Any CPU
		{781296F1-7483-4309-A6AC-323C851630EB}.Debug|Any CPU.ActiveCfg = Debug|Any CPU
		{781296F1-7483-4309-A6AC-323C851630EB}.Debug|Any CPU.Build.0 = Debug|Any CPU
		{781296F1-7483-4309-A6AC-323C851630EB}.Release|Any CPU.ActiveCfg = Release|Any CPU
		{781296F1-7483-4309-A6AC-323C851630EB}.Release|Any CPU.Build.0 = Release|Any CPU
		{AA9D5428-3EA4-4781-9A61-A97BED611757}.Debug|Any CPU.ActiveCfg = Debug|Any CPU
		{AA9D5428-3EA4-4781-9A61-A97BED611757}.Debug|Any CPU.Build.0 = Debug|Any CPU
		{AA9D5428-3EA4-4781-9A61-A97BED611757}.Release|Any CPU.ActiveCfg = Release|Any CPU
		{AA9D5428-3EA4-4781-9A61-A97BED611757}.Release|Any CPU.Build.0 = Release|Any CPU
		{F230BC72-67E6-4FEC-A6B5-C0BEA02086DC}.Debug|Any CPU.ActiveCfg = Debug|Any CPU
		{F230BC72-67E6-4FEC-A6B5-C0BEA02086DC}.Debug|Any CPU.Build.0 = Debug|Any CPU
		{F230BC72-67E6-4FEC-A6B5-C0BEA02086DC}.Release|Any CPU.ActiveCfg = Release|Any CPU
		{F230BC72-67E6-4FEC-A6B5-C0BEA02086DC}.Release|Any CPU.Build.0 = Release|Any CPU
		{1CC9C641-CEEC-4FF3-9BB1-C436DED08A5A}.Debug|Any CPU.ActiveCfg = Debug|Any CPU
		{1CC9C641-CEEC-4FF3-9BB1-C436DED08A5A}.Debug|Any CPU.Build.0 = Debug|Any CPU
		{1CC9C641-CEEC-4FF3-9BB1-C436DED08A5A}.Release|Any CPU.ActiveCfg = Release|Any CPU
		{1CC9C641-CEEC-4FF3-9BB1-C436DED08A5A}.Release|Any CPU.Build.0 = Release|Any CPU
		{4734FB8F-B3AD-44F9-B88A-75230DB2A2C3}.Debug|Any CPU.ActiveCfg = Debug|Any CPU
		{4734FB8F-B3AD-44F9-B88A-75230DB2A2C3}.Debug|Any CPU.Build.0 = Debug|Any CPU
		{4734FB8F-B3AD-44F9-B88A-75230DB2A2C3}.Release|Any CPU.ActiveCfg = Release|Any CPU
		{4734FB8F-B3AD-44F9-B88A-75230DB2A2C3}.Release|Any CPU.Build.0 = Release|Any CPU
		{EC5E5932-B437-49A5-B4D4-225367A3DD8A}.Debug|Any CPU.ActiveCfg = Debug|Any CPU
		{EC5E5932-B437-49A5-B4D4-225367A3DD8A}.Debug|Any CPU.Build.0 = Debug|Any CPU
		{EC5E5932-B437-49A5-B4D4-225367A3DD8A}.Release|Any CPU.ActiveCfg = Release|Any CPU
		{EC5E5932-B437-49A5-B4D4-225367A3DD8A}.Release|Any CPU.Build.0 = Release|Any CPU
		{DB46432D-E2FD-4DA5-975B-43156F00317A}.Debug|Any CPU.ActiveCfg = Debug|Any CPU
		{DB46432D-E2FD-4DA5-975B-43156F00317A}.Debug|Any CPU.Build.0 = Debug|Any CPU
		{DB46432D-E2FD-4DA5-975B-43156F00317A}.Release|Any CPU.ActiveCfg = Release|Any CPU
		{DB46432D-E2FD-4DA5-975B-43156F00317A}.Release|Any CPU.Build.0 = Release|Any CPU
	EndGlobalSection
	GlobalSection(SolutionProperties) = preSolution
		HideSolutionNode = FALSE
	EndGlobalSection
	GlobalSection(NestedProjects) = preSolution
		{2467F047-DB02-42D8-BB0A-806A4A6CB13F} = {40894AE4-A9EA-4CFD-8EAC-F645C6CF9921}
		{A5EF826D-F320-469B-862D-E5A502EC6794} = {40894AE4-A9EA-4CFD-8EAC-F645C6CF9921}
		{62483712-DD0F-445B-AC0E-81FC14FBAF5E} = {40894AE4-A9EA-4CFD-8EAC-F645C6CF9921}
		{251D3045-6AB6-4E79-84E1-FD79419DDDD6} = {AA8F7F37-85E6-4E0C-8631-EA80DC5F8119}
		{B61E5750-E786-4976-88CA-AC3595473DAC} = {AA8F7F37-85E6-4E0C-8631-EA80DC5F8119}
		{C70A2C30-F921-49DD-A6A5-09455966B884} = {AA8F7F37-85E6-4E0C-8631-EA80DC5F8119}
		{CBA93B1D-1921-40B0-9D79-1CC522F077C4} = {E25C1ABB-829E-40FB-99E4-35153F09BC7E}
		{040E7B63-68EB-4392-A9C9-776E5699B69F} = {E25C1ABB-829E-40FB-99E4-35153F09BC7E}
		{8CF657E9-E53D-4488-A42F-62D72E95F3E9} = {E25C1ABB-829E-40FB-99E4-35153F09BC7E}
		{93613A02-CB3A-4521-A6E4-EFB76BFBE954} = {423B55D1-7CF4-4EF3-9C61-841195230446}
		{467D3BD8-0F05-42C0-8376-2723322166D2} = {423B55D1-7CF4-4EF3-9C61-841195230446}
		{D23201CE-CE10-4E91-93EF-A645B3DD3337} = {423B55D1-7CF4-4EF3-9C61-841195230446}
		{3832FE14-9366-4AA7-AA4D-1DB8AA2BCE9D} = {B196AFF8-3F8A-4238-A644-8BD735B00184}
		{51C47893-8AC1-4854-90EB-22FD50979337} = {B196AFF8-3F8A-4238-A644-8BD735B00184}
		{222773ED-07AD-48CE-808E-CBE33DAE9754} = {B196AFF8-3F8A-4238-A644-8BD735B00184}
		{1A9CAB02-584F-46EE-8585-4642A6660C05} = {76204F61-79FB-4846-863A-4FA858FE1553}
		{745EF435-A9AA-44D7-A777-AECC24A8567C} = {76204F61-79FB-4846-863A-4FA858FE1553}
		{781296F1-7483-4309-A6AC-323C851630EB} = {76204F61-79FB-4846-863A-4FA858FE1553}
		{AA9D5428-3EA4-4781-9A61-A97BED611757} = {396612BF-ED7C-49D1-BBF1-802113CFD465}
		{F230BC72-67E6-4FEC-A6B5-C0BEA02086DC} = {396612BF-ED7C-49D1-BBF1-802113CFD465}
		{1CC9C641-CEEC-4FF3-9BB1-C436DED08A5A} = {396612BF-ED7C-49D1-BBF1-802113CFD465}
		{4734FB8F-B3AD-44F9-B88A-75230DB2A2C3} = {8B7C6C06-9181-4BCB-B42A-3F2FA5CC07B2}
		{EC5E5932-B437-49A5-B4D4-225367A3DD8A} = {8B7C6C06-9181-4BCB-B42A-3F2FA5CC07B2}
		{DB46432D-E2FD-4DA5-975B-43156F00317A} = {8B7C6C06-9181-4BCB-B42A-3F2FA5CC07B2}
	EndGlobalSection
	GlobalSection(ExtensibilityGlobals) = postSolution
		SolutionGuid = {5D0E36EC-D120-46A0-8480-C705F8E92174}
	EndGlobalSection
EndGlobal
